
Microsoft Visual Studio Solution File, Format Version 12.00
# Visual Studio Version 17
VisualStudioVersion = 17.3.32929.385
MinimumVisualStudioVersion = 10.0.40219.1
Project("{9A19103F-16F7-4668-BE54-9A1E7A4F7556}") = "CSDesignPattern", "CSDesignPattern.csproj", "{88BBA5A2-7669-453E-A23E-1220EA232E02}"
EndProject
Project("{9A19103F-16F7-4668-BE54-9A1E7A4F7556}") = "Singleton", "..\Singleton\Singleton.csproj", "{28646A4A-4E7B-4CB5-9CE9-829A290981AF}"
EndProject
Project("{9A19103F-16F7-4668-BE54-9A1E7A4F7556}") = "Prototype", "..\Prototype\Prototype.csproj", "{64C0E319-6A50-4726-B052-CD889E2B046D}"
EndProject
Project("{9A19103F-16F7-4668-BE54-9A1E7A4F7556}") = "Factory", "..\Factory\Factory.csproj", "{DCA4509B-648D-493C-B54F-72C2E6505BDC}"
EndProject
Project("{9A19103F-16F7-4668-BE54-9A1E7A4F7556}") = "Builder", "..\Builder\Builder.csproj", "{DAC4987A-8526-4922-8814-4AEA22C6C544}"
EndProject
Project("{9A19103F-16F7-4668-BE54-9A1E7A4F7556}") = "Abstract", "..\Abstract\Abstract.csproj", "{85C5DA9E-913E-4D80-B768-CCEAB3B3B3EF}"
EndProject
Project("{9A19103F-16F7-4668-BE54-9A1E7A4F7556}") = "Adapter", "..\Adapter\Adapter.csproj", "{8A4B938C-4279-4F89-907F-74F84D1AE035}"
EndProject
Project("{FAE04EC0-301F-11D3-BF4B-00C04F79EFBC}") = "Bridge", "..\Bridge\Bridge.csproj", "{9290A8F8-ED5A-4C88-A392-F0D1BD664919}"
EndProject
Project("{FAE04EC0-301F-11D3-BF4B-00C04F79EFBC}") = "Composite", "..\Composite\Composite.csproj", "{D58B9515-96ED-4EB7-8A1D-AB6EE4B9A73E}"
EndProject
Project("{FAE04EC0-301F-11D3-BF4B-00C04F79EFBC}") = "Decorator", "..\Decorator\Decorator.csproj", "{C748B532-19EF-4BB4-8B3D-AC1BEF1CF724}"
EndProject
Project("{FAE04EC0-301F-11D3-BF4B-00C04F79EFBC}") = "Facade", "..\Facade\Facade.csproj", "{53534695-C321-4950-8419-DCFA0B93175A}"
EndProject
Project("{FAE04EC0-301F-11D3-BF4B-00C04F79EFBC}") = "Flyweight", "..\Flyweight\Flyweight.csproj", "{20FB8BE6-62D4-4D34-A632-CA9AD56DA719}"
EndProject
Project("{FAE04EC0-301F-11D3-BF4B-00C04F79EFBC}") = "Proxy", "..\Proxy\Proxy.csproj", "{E704B531-73F9-434D-9A49-C7283E25D22C}"
EndProject
Project("{FAE04EC0-301F-11D3-BF4B-00C04F79EFBC}") = "Chain", "..\Chain\Chain.csproj", "{635E5C98-431E-4E38-A07E-556E6B95FEFA}"
EndProject
Project("{FAE04EC0-301F-11D3-BF4B-00C04F79EFBC}") = "Command", "..\Command\Command.csproj", "{8E0DBD3E-C2E4-4EA7-B66E-B55CCAAB8F80}"
EndProject
Project("{FAE04EC0-301F-11D3-BF4B-00C04F79EFBC}") = "Iterator", "..\Iterator\Iterator.csproj", "{AA8ED39E-60A7-4C78-8B9D-79A7FF0773BC}"
EndProject
Project("{FAE04EC0-301F-11D3-BF4B-00C04F79EFBC}") = "Mediator", "..\Mediator\Mediator.csproj", "{9B05D3F6-D83D-42D3-87FF-86F032ACA2F9}"
EndProject
Project("{FAE04EC0-301F-11D3-BF4B-00C04F79EFBC}") = "Memento", "..\Momento\Memento.csproj", "{B04584DC-93A7-4B68-B39F-7418E151265B}"
EndProject
Project("{FAE04EC0-301F-11D3-BF4B-00C04F79EFBC}") = "Observer", "..\Observor\Observer.csproj", "{A2AFA6F1-11F7-4791-8EEF-F04DE59F1563}"
EndProject
Project("{FAE04EC0-301F-11D3-BF4B-00C04F79EFBC}") = "State", "..\State\State.csproj", "{045EADD5-7772-4FA8-9408-4044DADC5F0A}"
EndProject
Project("{FAE04EC0-301F-11D3-BF4B-00C04F79EFBC}") = "Strategy", "..\Strategy\Strategy.csproj", "{0B5B6C3D-255C-4CB8-9FD1-27D873475B25}"
EndProject
Project("{FAE04EC0-301F-11D3-BF4B-00C04F79EFBC}") = "Template", "..\Template\Template.csproj", "{B2D14F86-8EFB-4464-A232-F0D1254F5D75}"
EndProject
Project("{FAE04EC0-301F-11D3-BF4B-00C04F79EFBC}") = "Visitor", "..\Visitor\Visitor.csproj", "{6074D023-56A7-4BE9-81F4-6BF727849BE3}"
EndProject
Global
	GlobalSection(SolutionConfigurationPlatforms) = preSolution
		Debug|Any CPU = Debug|Any CPU
		Release|Any CPU = Release|Any CPU
	EndGlobalSection
	GlobalSection(ProjectConfigurationPlatforms) = postSolution
		{88BBA5A2-7669-453E-A23E-1220EA232E02}.Debug|Any CPU.ActiveCfg = Debug|Any CPU
		{88BBA5A2-7669-453E-A23E-1220EA232E02}.Debug|Any CPU.Build.0 = Debug|Any CPU
		{88BBA5A2-7669-453E-A23E-1220EA232E02}.Release|Any CPU.ActiveCfg = Release|Any CPU
		{88BBA5A2-7669-453E-A23E-1220EA232E02}.Release|Any CPU.Build.0 = Release|Any CPU
		{28646A4A-4E7B-4CB5-9CE9-829A290981AF}.Debug|Any CPU.ActiveCfg = Debug|Any CPU
		{28646A4A-4E7B-4CB5-9CE9-829A290981AF}.Debug|Any CPU.Build.0 = Debug|Any CPU
		{28646A4A-4E7B-4CB5-9CE9-829A290981AF}.Release|Any CPU.ActiveCfg = Release|Any CPU
		{28646A4A-4E7B-4CB5-9CE9-829A290981AF}.Release|Any CPU.Build.0 = Release|Any CPU
		{64C0E319-6A50-4726-B052-CD889E2B046D}.Debug|Any CPU.ActiveCfg = Debug|Any CPU
		{64C0E319-6A50-4726-B052-CD889E2B046D}.Debug|Any CPU.Build.0 = Debug|Any CPU
		{64C0E319-6A50-4726-B052-CD889E2B046D}.Release|Any CPU.ActiveCfg = Release|Any CPU
		{64C0E319-6A50-4726-B052-CD889E2B046D}.Release|Any CPU.Build.0 = Release|Any CPU
		{DCA4509B-648D-493C-B54F-72C2E6505BDC}.Debug|Any CPU.ActiveCfg = Debug|Any CPU
		{DCA4509B-648D-493C-B54F-72C2E6505BDC}.Debug|Any CPU.Build.0 = Debug|Any CPU
		{DCA4509B-648D-493C-B54F-72C2E6505BDC}.Release|Any CPU.ActiveCfg = Release|Any CPU
		{DCA4509B-648D-493C-B54F-72C2E6505BDC}.Release|Any CPU.Build.0 = Release|Any CPU
		{DAC4987A-8526-4922-8814-4AEA22C6C544}.Debug|Any CPU.ActiveCfg = Debug|Any CPU
		{DAC4987A-8526-4922-8814-4AEA22C6C544}.Debug|Any CPU.Build.0 = Debug|Any CPU
		{DAC4987A-8526-4922-8814-4AEA22C6C544}.Release|Any CPU.ActiveCfg = Release|Any CPU
		{DAC4987A-8526-4922-8814-4AEA22C6C544}.Release|Any CPU.Build.0 = Release|Any CPU
		{85C5DA9E-913E-4D80-B768-CCEAB3B3B3EF}.Debug|Any CPU.ActiveCfg = Debug|Any CPU
		{85C5DA9E-913E-4D80-B768-CCEAB3B3B3EF}.Debug|Any CPU.Build.0 = Debug|Any CPU
		{85C5DA9E-913E-4D80-B768-CCEAB3B3B3EF}.Release|Any CPU.ActiveCfg = Release|Any CPU
		{85C5DA9E-913E-4D80-B768-CCEAB3B3B3EF}.Release|Any CPU.Build.0 = Release|Any CPU
		{8A4B938C-4279-4F89-907F-74F84D1AE035}.Debug|Any CPU.ActiveCfg = Debug|Any CPU
		{8A4B938C-4279-4F89-907F-74F84D1AE035}.Debug|Any CPU.Build.0 = Debug|Any CPU
		{8A4B938C-4279-4F89-907F-74F84D1AE035}.Release|Any CPU.ActiveCfg = Release|Any CPU
		{8A4B938C-4279-4F89-907F-74F84D1AE035}.Release|Any CPU.Build.0 = Release|Any CPU
		{9290A8F8-ED5A-4C88-A392-F0D1BD664919}.Debug|Any CPU.ActiveCfg = Debug|Any CPU
		{9290A8F8-ED5A-4C88-A392-F0D1BD664919}.Debug|Any CPU.Build.0 = Debug|Any CPU
		{9290A8F8-ED5A-4C88-A392-F0D1BD664919}.Release|Any CPU.ActiveCfg = Release|Any CPU
		{9290A8F8-ED5A-4C88-A392-F0D1BD664919}.Release|Any CPU.Build.0 = Release|Any CPU
		{D58B9515-96ED-4EB7-8A1D-AB6EE4B9A73E}.Debug|Any CPU.ActiveCfg = Debug|Any CPU
		{D58B9515-96ED-4EB7-8A1D-AB6EE4B9A73E}.Debug|Any CPU.Build.0 = Debug|Any CPU
		{D58B9515-96ED-4EB7-8A1D-AB6EE4B9A73E}.Release|Any CPU.ActiveCfg = Release|Any CPU
		{D58B9515-96ED-4EB7-8A1D-AB6EE4B9A73E}.Release|Any CPU.Build.0 = Release|Any CPU
		{C748B532-19EF-4BB4-8B3D-AC1BEF1CF724}.Debug|Any CPU.ActiveCfg = Debug|Any CPU
		{C748B532-19EF-4BB4-8B3D-AC1BEF1CF724}.Debug|Any CPU.Build.0 = Debug|Any CPU
		{C748B532-19EF-4BB4-8B3D-AC1BEF1CF724}.Release|Any CPU.ActiveCfg = Release|Any CPU
		{C748B532-19EF-4BB4-8B3D-AC1BEF1CF724}.Release|Any CPU.Build.0 = Release|Any CPU
		{53534695-C321-4950-8419-DCFA0B93175A}.Debug|Any CPU.ActiveCfg = Debug|Any CPU
		{53534695-C321-4950-8419-DCFA0B93175A}.Debug|Any CPU.Build.0 = Debug|Any CPU
		{53534695-C321-4950-8419-DCFA0B93175A}.Release|Any CPU.ActiveCfg = Release|Any CPU
		{53534695-C321-4950-8419-DCFA0B93175A}.Release|Any CPU.Build.0 = Release|Any CPU
		{20FB8BE6-62D4-4D34-A632-CA9AD56DA719}.Debug|Any CPU.ActiveCfg = Debug|Any CPU
		{20FB8BE6-62D4-4D34-A632-CA9AD56DA719}.Debug|Any CPU.Build.0 = Debug|Any CPU
		{20FB8BE6-62D4-4D34-A632-CA9AD56DA719}.Release|Any CPU.ActiveCfg = Release|Any CPU
		{20FB8BE6-62D4-4D34-A632-CA9AD56DA719}.Release|Any CPU.Build.0 = Release|Any CPU
		{E704B531-73F9-434D-9A49-C7283E25D22C}.Debug|Any CPU.ActiveCfg = Debug|Any CPU
		{E704B531-73F9-434D-9A49-C7283E25D22C}.Debug|Any CPU.Build.0 = Debug|Any CPU
		{E704B531-73F9-434D-9A49-C7283E25D22C}.Release|Any CPU.ActiveCfg = Release|Any CPU
		{E704B531-73F9-434D-9A49-C7283E25D22C}.Release|Any CPU.Build.0 = Release|Any CPU
		{635E5C98-431E-4E38-A07E-556E6B95FEFA}.Debug|Any CPU.ActiveCfg = Debug|Any CPU
		{635E5C98-431E-4E38-A07E-556E6B95FEFA}.Debug|Any CPU.Build.0 = Debug|Any CPU
		{635E5C98-431E-4E38-A07E-556E6B95FEFA}.Release|Any CPU.ActiveCfg = Release|Any CPU
		{635E5C98-431E-4E38-A07E-556E6B95FEFA}.Release|Any CPU.Build.0 = Release|Any CPU
		{8E0DBD3E-C2E4-4EA7-B66E-B55CCAAB8F80}.Debug|Any CPU.ActiveCfg = Debug|Any CPU
		{8E0DBD3E-C2E4-4EA7-B66E-B55CCAAB8F80}.Debug|Any CPU.Build.0 = Debug|Any CPU
		{8E0DBD3E-C2E4-4EA7-B66E-B55CCAAB8F80}.Release|Any CPU.ActiveCfg = Release|Any CPU
		{8E0DBD3E-C2E4-4EA7-B66E-B55CCAAB8F80}.Release|Any CPU.Build.0 = Release|Any CPU
		{AA8ED39E-60A7-4C78-8B9D-79A7FF0773BC}.Debug|Any CPU.ActiveCfg = Debug|Any CPU
		{AA8ED39E-60A7-4C78-8B9D-79A7FF0773BC}.Debug|Any CPU.Build.0 = Debug|Any CPU
		{AA8ED39E-60A7-4C78-8B9D-79A7FF0773BC}.Release|Any CPU.ActiveCfg = Release|Any CPU
		{AA8ED39E-60A7-4C78-8B9D-79A7FF0773BC}.Release|Any CPU.Build.0 = Release|Any CPU
		{9B05D3F6-D83D-42D3-87FF-86F032ACA2F9}.Debug|Any CPU.ActiveCfg = Debug|Any CPU
		{9B05D3F6-D83D-42D3-87FF-86F032ACA2F9}.Debug|Any CPU.Build.0 = Debug|Any CPU
		{9B05D3F6-D83D-42D3-87FF-86F032ACA2F9}.Release|Any CPU.ActiveCfg = Release|Any CPU
		{9B05D3F6-D83D-42D3-87FF-86F032ACA2F9}.Release|Any CPU.Build.0 = Release|Any CPU
		{B04584DC-93A7-4B68-B39F-7418E151265B}.Debug|Any CPU.ActiveCfg = Debug|Any CPU
		{B04584DC-93A7-4B68-B39F-7418E151265B}.Debug|Any CPU.Build.0 = Debug|Any CPU
		{B04584DC-93A7-4B68-B39F-7418E151265B}.Release|Any CPU.ActiveCfg = Release|Any CPU
		{B04584DC-93A7-4B68-B39F-7418E151265B}.Release|Any CPU.Build.0 = Release|Any CPU
		{A2AFA6F1-11F7-4791-8EEF-F04DE59F1563}.Debug|Any CPU.ActiveCfg = Debug|Any CPU
		{A2AFA6F1-11F7-4791-8EEF-F04DE59F1563}.Debug|Any CPU.Build.0 = Debug|Any CPU
		{A2AFA6F1-11F7-4791-8EEF-F04DE59F1563}.Release|Any CPU.ActiveCfg = Release|Any CPU
		{A2AFA6F1-11F7-4791-8EEF-F04DE59F1563}.Release|Any CPU.Build.0 = Release|Any CPU
		{045EADD5-7772-4FA8-9408-4044DADC5F0A}.Debug|Any CPU.ActiveCfg = Debug|Any CPU
		{045EADD5-7772-4FA8-9408-4044DADC5F0A}.Debug|Any CPU.Build.0 = Debug|Any CPU
		{045EADD5-7772-4FA8-9408-4044DADC5F0A}.Release|Any CPU.ActiveCfg = Release|Any CPU
		{045EADD5-7772-4FA8-9408-4044DADC5F0A}.Release|Any CPU.Build.0 = Release|Any CPU
		{0B5B6C3D-255C-4CB8-9FD1-27D873475B25}.Debug|Any CPU.ActiveCfg = Debug|Any CPU
		{0B5B6C3D-255C-4CB8-9FD1-27D873475B25}.Debug|Any CPU.Build.0 = Debug|Any CPU
		{0B5B6C3D-255C-4CB8-9FD1-27D873475B25}.Release|Any CPU.ActiveCfg = Release|Any CPU
		{0B5B6C3D-255C-4CB8-9FD1-27D873475B25}.Release|Any CPU.Build.0 = Release|Any CPU
		{B2D14F86-8EFB-4464-A232-F0D1254F5D75}.Debug|Any CPU.ActiveCfg = Debug|Any CPU
		{B2D14F86-8EFB-4464-A232-F0D1254F5D75}.Debug|Any CPU.Build.0 = Debug|Any CPU
		{B2D14F86-8EFB-4464-A232-F0D1254F5D75}.Release|Any CPU.ActiveCfg = Release|Any CPU
		{B2D14F86-8EFB-4464-A232-F0D1254F5D75}.Release|Any CPU.Build.0 = Release|Any CPU
		{6074D023-56A7-4BE9-81F4-6BF727849BE3}.Debug|Any CPU.ActiveCfg = Debug|Any CPU
		{6074D023-56A7-4BE9-81F4-6BF727849BE3}.Debug|Any CPU.Build.0 = Debug|Any CPU
		{6074D023-56A7-4BE9-81F4-6BF727849BE3}.Release|Any CPU.ActiveCfg = Release|Any CPU
		{6074D023-56A7-4BE9-81F4-6BF727849BE3}.Release|Any CPU.Build.0 = Release|Any CPU
	EndGlobalSection
	GlobalSection(SolutionProperties) = preSolution
		HideSolutionNode = FALSE
	EndGlobalSection
	GlobalSection(ExtensibilityGlobals) = postSolution
		SolutionGuid = {93B49FD2-EF67-49B9-8EC9-CC3B97FCCBAD}
	EndGlobalSection
EndGlobal
